
Microsoft Visual Studio Solution File, Format Version 12.00
# Visual Studio Version 17
VisualStudioVersion = 17.13.35825.156 d17.13
MinimumVisualStudioVersion = 10.0.40219.1
Project("{FAE04EC0-301F-11D3-BF4B-00C04F79EFBC}") = "OrderingSystemUsingGRPC.Api", "OrderingSystemUsingGRPC.Api\OrderingSystemUsingGRPC.Api.csproj", "{87530E26-045D-4901-9E52-DD8CFE27F147}"
EndProject
Project("{FAE04EC0-301F-11D3-BF4B-00C04F79EFBC}") = "OrderingSystemUsingGRPC.PaymentService", "OrderingSystemUsingGRPC.PaymentService\OrderingSystemUsingGRPC.PaymentService.csproj", "{FBEA218A-D737-4518-8517-2A01120B2B92}"
EndProject
Project("{FAE04EC0-301F-11D3-BF4B-00C04F79EFBC}") = "OrderingSystemUsingGRPC.InventoryService", "OrderingSystemUsingGRPC.InventoryService\OrderingSystemUsingGRPC.InventoryService.csproj", "{D901E228-CC66-4963-BCD0-786FED41CDBE}"
EndProject
Project("{FAE04EC0-301F-11D3-BF4B-00C04F79EFBC}") = "OrderingSystemUsingGRPC.OrderingService", "OrderingSystemUsingGRPC.OrderingService\OrderingSystemUsingGRPC.OrderingService.csproj", "{48532B3E-0CEC-4B1A-9E9E-20751AD3277D}"
EndProject
Global
	GlobalSection(SolutionConfigurationPlatforms) = preSolution
		Debug|Any CPU = Debug|Any CPU
		Release|Any CPU = Release|Any CPU
	EndGlobalSection
	GlobalSection(ProjectConfigurationPlatforms) = postSolution
		{87530E26-045D-4901-9E52-DD8CFE27F147}.Debug|Any CPU.ActiveCfg = Debug|Any CPU
		{87530E26-045D-4901-9E52-DD8CFE27F147}.Debug|Any CPU.Build.0 = Debug|Any CPU
		{87530E26-045D-4901-9E52-DD8CFE27F147}.Release|Any CPU.ActiveCfg = Release|Any CPU
		{87530E26-045D-4901-9E52-DD8CFE27F147}.Release|Any CPU.Build.0 = Release|Any CPU
		{FBEA218A-D737-4518-8517-2A01120B2B92}.Debug|Any CPU.ActiveCfg = Debug|Any CPU
		{FBEA218A-D737-4518-8517-2A01120B2B92}.Debug|Any CPU.Build.0 = Debug|Any CPU
		{FBEA218A-D737-4518-8517-2A01120B2B92}.Release|Any CPU.ActiveCfg = Release|Any CPU
		{FBEA218A-D737-4518-8517-2A01120B2B92}.Release|Any CPU.Build.0 = Release|Any CPU
		{D901E228-CC66-4963-BCD0-786FED41CDBE}.Debug|Any CPU.ActiveCfg = Debug|Any CPU
		{D901E228-CC66-4963-BCD0-786FED41CDBE}.Debug|Any CPU.Build.0 = Debug|Any CPU
		{D901E228-CC66-4963-BCD0-786FED41CDBE}.Release|Any CPU.ActiveCfg = Release|Any CPU
		{D901E228-CC66-4963-BCD0-786FED41CDBE}.Release|Any CPU.Build.0 = Release|Any CPU
		{48532B3E-0CEC-4B1A-9E9E-20751AD3277D}.Debug|Any CPU.ActiveCfg = Debug|Any CPU
		{48532B3E-0CEC-4B1A-9E9E-20751AD3277D}.Debug|Any CPU.Build.0 = Debug|Any CPU
		{48532B3E-0CEC-4B1A-9E9E-20751AD3277D}.Release|Any CPU.ActiveCfg = Release|Any CPU
		{48532B3E-0CEC-4B1A-9E9E-20751AD3277D}.Release|Any CPU.Build.0 = Release|Any CPU
	EndGlobalSection
	GlobalSection(SolutionProperties) = preSolution
		HideSolutionNode = FALSE
	EndGlobalSection
	GlobalSection(ExtensibilityGlobals) = postSolution
		SolutionGuid = {15F8E6C5-B02B-44CE-A3C7-0D6AF251FED6}
	EndGlobalSection
EndGlobal
